
Microsoft Visual Studio Solution File, Format Version 12.00
# Visual Studio 15
VisualStudioVersion = 15.0.27004.2002
MinimumVisualStudioVersion = 10.0.40219.1
Project("{FAE04EC0-301F-11D3-BF4B-00C04F79EFBC}") = "SharpOpenGL", "SharpOpenGL\SharpOpenGL.csproj", "{DEA90434-3C61-4C6C-A682-7F8E00B9D2E7}"
EndProject
Project("{FAE04EC0-301F-11D3-BF4B-00C04F79EFBC}") = "ShaderCompiler", "ShaderCodeGenerator\ShaderCompiler.csproj", "{DCA6E51C-E159-4C8D-8AE2-2A63EB68B8D2}"
EndProject
Project("{FAE04EC0-301F-11D3-BF4B-00C04F79EFBC}") = "MaterialEditor", "MaterialEditor\MaterialEditor.csproj", "{5D63A866-C89F-4686-9E09-869E707EE43E}"
EndProject
Project("{FAE04EC0-301F-11D3-BF4B-00C04F79EFBC}") = "Core", "Core\Core.csproj", "{1115DD7B-BEB3-4D5C-9528-9E852ECC63D5}"
EndProject
Project("{FAE04EC0-301F-11D3-BF4B-00C04F79EFBC}") = "CompiledShader", "CompiledShader\CompiledShader.csproj", "{50AD8C27-759D-4399-8056-59CA4D413829}"
EndProject
Project("{8BC9CEB8-8B4A-11D0-8D11-00A0C91BC942}") = "FBXWrapper", "FBXWrapper\FBXWrapper.vcxproj", "{C7791532-CE38-47A3-B1CE-9E4CFCCE94E2}"
EndProject
Project("{FAE04EC0-301F-11D3-BF4B-00C04F79EFBC}") = "FBXImporter", "FBXImporter\FBXImporter.csproj", "{28ABFF9F-557B-49DA-A376-33A9734E322F}"
EndProject
Project("{FAE04EC0-301F-11D3-BF4B-00C04F79EFBC}") = "AdornedControl", "AdornedControl\AdornedControl.csproj", "{AB6AFF8F-5381-49F4-A87D-C1F721FDDF08}"
EndProject
Project("{FAE04EC0-301F-11D3-BF4B-00C04F79EFBC}") = "NodeEditorUtils", "NodeEditorUtils\NodeEditorUtils.csproj", "{4C8A458F-E1CD-4C8D-BB6B-9379A10205D6}"
EndProject
Project("{FAE04EC0-301F-11D3-BF4B-00C04F79EFBC}") = "ZoomAndPan", "ZoomAndPan\ZoomAndPan.csproj", "{A609FAA5-6C95-45A7-ABED-C2ADE213D05C}"
EndProject
Project("{8BC9CEB8-8B4A-11D0-8D11-00A0C91BC942}") = "FreeTypeWrapper", "FreeTypeWrapper\FreeTypeWrapper.vcxproj", "{9D0AB4D9-EA47-4CCD-A0DC-5063F072356F}"
EndProject
Global
	GlobalSection(SolutionConfigurationPlatforms) = preSolution
		Debug|Any CPU = Debug|Any CPU
		Debug|x64 = Debug|x64
		Debug|x86 = Debug|x86
		Release|Any CPU = Release|Any CPU
		Release|x64 = Release|x64
		Release|x86 = Release|x86
	EndGlobalSection
	GlobalSection(ProjectConfigurationPlatforms) = postSolution
		{DEA90434-3C61-4C6C-A682-7F8E00B9D2E7}.Debug|Any CPU.ActiveCfg = Debug|Any CPU
		{DEA90434-3C61-4C6C-A682-7F8E00B9D2E7}.Debug|Any CPU.Build.0 = Debug|Any CPU
		{DEA90434-3C61-4C6C-A682-7F8E00B9D2E7}.Debug|x64.ActiveCfg = Debug|Any CPU
		{DEA90434-3C61-4C6C-A682-7F8E00B9D2E7}.Debug|x64.Build.0 = Debug|Any CPU
		{DEA90434-3C61-4C6C-A682-7F8E00B9D2E7}.Debug|x86.ActiveCfg = Debug|Any CPU
		{DEA90434-3C61-4C6C-A682-7F8E00B9D2E7}.Debug|x86.Build.0 = Debug|Any CPU
		{DEA90434-3C61-4C6C-A682-7F8E00B9D2E7}.Release|Any CPU.ActiveCfg = Release|Any CPU
		{DEA90434-3C61-4C6C-A682-7F8E00B9D2E7}.Release|Any CPU.Build.0 = Release|Any CPU
		{DEA90434-3C61-4C6C-A682-7F8E00B9D2E7}.Release|x64.ActiveCfg = Release|Any CPU
		{DEA90434-3C61-4C6C-A682-7F8E00B9D2E7}.Release|x86.ActiveCfg = Release|Any CPU
		{DCA6E51C-E159-4C8D-8AE2-2A63EB68B8D2}.Debug|Any CPU.ActiveCfg = Debug|Any CPU
		{DCA6E51C-E159-4C8D-8AE2-2A63EB68B8D2}.Debug|Any CPU.Build.0 = Debug|Any CPU
		{DCA6E51C-E159-4C8D-8AE2-2A63EB68B8D2}.Debug|x64.ActiveCfg = Debug|Any CPU
		{DCA6E51C-E159-4C8D-8AE2-2A63EB68B8D2}.Debug|x64.Build.0 = Debug|Any CPU
		{DCA6E51C-E159-4C8D-8AE2-2A63EB68B8D2}.Debug|x86.ActiveCfg = Debug|Any CPU
		{DCA6E51C-E159-4C8D-8AE2-2A63EB68B8D2}.Debug|x86.Build.0 = Debug|Any CPU
		{DCA6E51C-E159-4C8D-8AE2-2A63EB68B8D2}.Release|Any CPU.ActiveCfg = Release|Any CPU
		{DCA6E51C-E159-4C8D-8AE2-2A63EB68B8D2}.Release|Any CPU.Build.0 = Release|Any CPU
		{DCA6E51C-E159-4C8D-8AE2-2A63EB68B8D2}.Release|x64.ActiveCfg = Release|Any CPU
		{DCA6E51C-E159-4C8D-8AE2-2A63EB68B8D2}.Release|x86.ActiveCfg = Release|Any CPU
		{5D63A866-C89F-4686-9E09-869E707EE43E}.Debug|Any CPU.ActiveCfg = Debug|Any CPU
		{5D63A866-C89F-4686-9E09-869E707EE43E}.Debug|Any CPU.Build.0 = Debug|Any CPU
		{5D63A866-C89F-4686-9E09-869E707EE43E}.Debug|x64.ActiveCfg = Debug|Any CPU
		{5D63A866-C89F-4686-9E09-869E707EE43E}.Debug|x64.Build.0 = Debug|Any CPU
		{5D63A866-C89F-4686-9E09-869E707EE43E}.Debug|x86.ActiveCfg = Debug|Any CPU
		{5D63A866-C89F-4686-9E09-869E707EE43E}.Debug|x86.Build.0 = Debug|Any CPU
		{5D63A866-C89F-4686-9E09-869E707EE43E}.Release|Any CPU.ActiveCfg = Release|Any CPU
		{5D63A866-C89F-4686-9E09-869E707EE43E}.Release|Any CPU.Build.0 = Release|Any CPU
		{5D63A866-C89F-4686-9E09-869E707EE43E}.Release|x64.ActiveCfg = Release|Any CPU
		{5D63A866-C89F-4686-9E09-869E707EE43E}.Release|x64.Build.0 = Release|Any CPU
		{5D63A866-C89F-4686-9E09-869E707EE43E}.Release|x86.ActiveCfg = Release|Any CPU
		{5D63A866-C89F-4686-9E09-869E707EE43E}.Release|x86.Build.0 = Release|Any CPU
		{1115DD7B-BEB3-4D5C-9528-9E852ECC63D5}.Debug|Any CPU.ActiveCfg = Debug|Any CPU
		{1115DD7B-BEB3-4D5C-9528-9E852ECC63D5}.Debug|Any CPU.Build.0 = Debug|Any CPU
		{1115DD7B-BEB3-4D5C-9528-9E852ECC63D5}.Debug|x64.ActiveCfg = Debug|Any CPU
		{1115DD7B-BEB3-4D5C-9528-9E852ECC63D5}.Debug|x64.Build.0 = Debug|Any CPU
		{1115DD7B-BEB3-4D5C-9528-9E852ECC63D5}.Debug|x86.ActiveCfg = Debug|Any CPU
		{1115DD7B-BEB3-4D5C-9528-9E852ECC63D5}.Debug|x86.Build.0 = Debug|Any CPU
		{1115DD7B-BEB3-4D5C-9528-9E852ECC63D5}.Release|Any CPU.ActiveCfg = Release|Any CPU
		{1115DD7B-BEB3-4D5C-9528-9E852ECC63D5}.Release|Any CPU.Build.0 = Release|Any CPU
		{1115DD7B-BEB3-4D5C-9528-9E852ECC63D5}.Release|x64.ActiveCfg = Release|Any CPU
		{1115DD7B-BEB3-4D5C-9528-9E852ECC63D5}.Release|x64.Build.0 = Release|Any CPU
		{1115DD7B-BEB3-4D5C-9528-9E852ECC63D5}.Release|x86.ActiveCfg = Release|Any CPU
		{1115DD7B-BEB3-4D5C-9528-9E852ECC63D5}.Release|x86.Build.0 = Release|Any CPU
		{50AD8C27-759D-4399-8056-59CA4D413829}.Debug|Any CPU.ActiveCfg = Debug|Any CPU
		{50AD8C27-759D-4399-8056-59CA4D413829}.Debug|Any CPU.Build.0 = Debug|Any CPU
		{50AD8C27-759D-4399-8056-59CA4D413829}.Debug|x64.ActiveCfg = Debug|Any CPU
		{50AD8C27-759D-4399-8056-59CA4D413829}.Debug|x64.Build.0 = Debug|Any CPU
		{50AD8C27-759D-4399-8056-59CA4D413829}.Debug|x86.ActiveCfg = Debug|Any CPU
		{50AD8C27-759D-4399-8056-59CA4D413829}.Debug|x86.Build.0 = Debug|Any CPU
		{50AD8C27-759D-4399-8056-59CA4D413829}.Release|Any CPU.ActiveCfg = Release|Any CPU
		{50AD8C27-759D-4399-8056-59CA4D413829}.Release|Any CPU.Build.0 = Release|Any CPU
		{50AD8C27-759D-4399-8056-59CA4D413829}.Release|x64.ActiveCfg = Release|Any CPU
		{50AD8C27-759D-4399-8056-59CA4D413829}.Release|x64.Build.0 = Release|Any CPU
		{50AD8C27-759D-4399-8056-59CA4D413829}.Release|x86.ActiveCfg = Release|Any CPU
		{50AD8C27-759D-4399-8056-59CA4D413829}.Release|x86.Build.0 = Release|Any CPU
		{C7791532-CE38-47A3-B1CE-9E4CFCCE94E2}.Debug|Any CPU.ActiveCfg = Debug|Win32
		{C7791532-CE38-47A3-B1CE-9E4CFCCE94E2}.Debug|Any CPU.Build.0 = Debug|Win32
		{C7791532-CE38-47A3-B1CE-9E4CFCCE94E2}.Debug|x64.ActiveCfg = Debug|x64
		{C7791532-CE38-47A3-B1CE-9E4CFCCE94E2}.Debug|x64.Build.0 = Debug|x64
		{C7791532-CE38-47A3-B1CE-9E4CFCCE94E2}.Debug|x86.ActiveCfg = Debug|Win32
		{C7791532-CE38-47A3-B1CE-9E4CFCCE94E2}.Debug|x86.Build.0 = Debug|Win32
		{C7791532-CE38-47A3-B1CE-9E4CFCCE94E2}.Release|Any CPU.ActiveCfg = Release|Win32
		{C7791532-CE38-47A3-B1CE-9E4CFCCE94E2}.Release|x64.ActiveCfg = Release|x64
		{C7791532-CE38-47A3-B1CE-9E4CFCCE94E2}.Release|x64.Build.0 = Release|x64
		{C7791532-CE38-47A3-B1CE-9E4CFCCE94E2}.Release|x86.ActiveCfg = Release|Win32
		{C7791532-CE38-47A3-B1CE-9E4CFCCE94E2}.Release|x86.Build.0 = Release|Win32
		{28ABFF9F-557B-49DA-A376-33A9734E322F}.Debug|Any CPU.ActiveCfg = Debug|Any CPU
		{28ABFF9F-557B-49DA-A376-33A9734E322F}.Debug|Any CPU.Build.0 = Debug|Any CPU
		{28ABFF9F-557B-49DA-A376-33A9734E322F}.Debug|x64.ActiveCfg = Debug|Any CPU
		{28ABFF9F-557B-49DA-A376-33A9734E322F}.Debug|x64.Build.0 = Debug|Any CPU
		{28ABFF9F-557B-49DA-A376-33A9734E322F}.Debug|x86.ActiveCfg = Debug|Any CPU
		{28ABFF9F-557B-49DA-A376-33A9734E322F}.Debug|x86.Build.0 = Debug|Any CPU
		{28ABFF9F-557B-49DA-A376-33A9734E322F}.Release|Any CPU.ActiveCfg = Release|Any CPU
		{28ABFF9F-557B-49DA-A376-33A9734E322F}.Release|Any CPU.Build.0 = Release|Any CPU
		{28ABFF9F-557B-49DA-A376-33A9734E322F}.Release|x64.ActiveCfg = Release|Any CPU
		{28ABFF9F-557B-49DA-A376-33A9734E322F}.Release|x64.Build.0 = Release|Any CPU
		{28ABFF9F-557B-49DA-A376-33A9734E322F}.Release|x86.ActiveCfg = Release|Any CPU
		{28ABFF9F-557B-49DA-A376-33A9734E322F}.Release|x86.Build.0 = Release|Any CPU
		{AB6AFF8F-5381-49F4-A87D-C1F721FDDF08}.Debug|Any CPU.ActiveCfg = Debug|Any CPU
		{AB6AFF8F-5381-49F4-A87D-C1F721FDDF08}.Debug|Any CPU.Build.0 = Debug|Any CPU
		{AB6AFF8F-5381-49F4-A87D-C1F721FDDF08}.Debug|x64.ActiveCfg = Debug|Any CPU
		{AB6AFF8F-5381-49F4-A87D-C1F721FDDF08}.Debug|x64.Build.0 = Debug|Any CPU
		{AB6AFF8F-5381-49F4-A87D-C1F721FDDF08}.Debug|x86.ActiveCfg = Debug|Any CPU
		{AB6AFF8F-5381-49F4-A87D-C1F721FDDF08}.Debug|x86.Build.0 = Debug|Any CPU
		{AB6AFF8F-5381-49F4-A87D-C1F721FDDF08}.Release|Any CPU.ActiveCfg = Release|Any CPU
		{AB6AFF8F-5381-49F4-A87D-C1F721FDDF08}.Release|Any CPU.Build.0 = Release|Any CPU
		{AB6AFF8F-5381-49F4-A87D-C1F721FDDF08}.Release|x64.ActiveCfg = Release|Any CPU
		{AB6AFF8F-5381-49F4-A87D-C1F721FDDF08}.Release|x64.Build.0 = Release|Any CPU
		{AB6AFF8F-5381-49F4-A87D-C1F721FDDF08}.Release|x86.ActiveCfg = Release|Any CPU
		{AB6AFF8F-5381-49F4-A87D-C1F721FDDF08}.Release|x86.Build.0 = Release|Any CPU
		{4C8A458F-E1CD-4C8D-BB6B-9379A10205D6}.Debug|Any CPU.ActiveCfg = Debug|Any CPU
		{4C8A458F-E1CD-4C8D-BB6B-9379A10205D6}.Debug|Any CPU.Build.0 = Debug|Any CPU
		{4C8A458F-E1CD-4C8D-BB6B-9379A10205D6}.Debug|x64.ActiveCfg = Debug|Any CPU
		{4C8A458F-E1CD-4C8D-BB6B-9379A10205D6}.Debug|x64.Build.0 = Debug|Any CPU
		{4C8A458F-E1CD-4C8D-BB6B-9379A10205D6}.Debug|x86.ActiveCfg = Debug|Any CPU
		{4C8A458F-E1CD-4C8D-BB6B-9379A10205D6}.Debug|x86.Build.0 = Debug|Any CPU
		{4C8A458F-E1CD-4C8D-BB6B-9379A10205D6}.Release|Any CPU.ActiveCfg = Release|Any CPU
		{4C8A458F-E1CD-4C8D-BB6B-9379A10205D6}.Release|Any CPU.Build.0 = Release|Any CPU
		{4C8A458F-E1CD-4C8D-BB6B-9379A10205D6}.Release|x64.ActiveCfg = Release|Any CPU
		{4C8A458F-E1CD-4C8D-BB6B-9379A10205D6}.Release|x64.Build.0 = Release|Any CPU
		{4C8A458F-E1CD-4C8D-BB6B-9379A10205D6}.Release|x86.ActiveCfg = Release|Any CPU
		{4C8A458F-E1CD-4C8D-BB6B-9379A10205D6}.Release|x86.Build.0 = Release|Any CPU
		{A609FAA5-6C95-45A7-ABED-C2ADE213D05C}.Debug|Any CPU.ActiveCfg = Debug|Any CPU
		{A609FAA5-6C95-45A7-ABED-C2ADE213D05C}.Debug|Any CPU.Build.0 = Debug|Any CPU
		{A609FAA5-6C95-45A7-ABED-C2ADE213D05C}.Debug|x64.ActiveCfg = Debug|Any CPU
		{A609FAA5-6C95-45A7-ABED-C2ADE213D05C}.Debug|x64.Build.0 = Debug|Any CPU
		{A609FAA5-6C95-45A7-ABED-C2ADE213D05C}.Debug|x86.ActiveCfg = Debug|Any CPU
		{A609FAA5-6C95-45A7-ABED-C2ADE213D05C}.Debug|x86.Build.0 = Debug|Any CPU
		{A609FAA5-6C95-45A7-ABED-C2ADE213D05C}.Release|Any CPU.ActiveCfg = Release|Any CPU
		{A609FAA5-6C95-45A7-ABED-C2ADE213D05C}.Release|Any CPU.Build.0 = Release|Any CPU
		{A609FAA5-6C95-45A7-ABED-C2ADE213D05C}.Release|x64.ActiveCfg = Release|Any CPU
		{A609FAA5-6C95-45A7-ABED-C2ADE213D05C}.Release|x64.Build.0 = Release|Any CPU
		{A609FAA5-6C95-45A7-ABED-C2ADE213D05C}.Release|x86.ActiveCfg = Release|Any CPU
		{A609FAA5-6C95-45A7-ABED-C2ADE213D05C}.Release|x86.Build.0 = Release|Any CPU
		{9D0AB4D9-EA47-4CCD-A0DC-5063F072356F}.Debug|Any CPU.ActiveCfg = Debug|Win32
		{9D0AB4D9-EA47-4CCD-A0DC-5063F072356F}.Debug|Any CPU.Build.0 = Debug|Win32
		{9D0AB4D9-EA47-4CCD-A0DC-5063F072356F}.Debug|x64.ActiveCfg = Debug|x64
		{9D0AB4D9-EA47-4CCD-A0DC-5063F072356F}.Debug|x64.Build.0 = Debug|x64
		{9D0AB4D9-EA47-4CCD-A0DC-5063F072356F}.Debug|x86.ActiveCfg = Debug|Win32
		{9D0AB4D9-EA47-4CCD-A0DC-5063F072356F}.Debug|x86.Build.0 = Debug|Win32
		{9D0AB4D9-EA47-4CCD-A0DC-5063F072356F}.Release|Any CPU.ActiveCfg = Release|Win32
		{9D0AB4D9-EA47-4CCD-A0DC-5063F072356F}.Release|x64.ActiveCfg = Release|x64
		{9D0AB4D9-EA47-4CCD-A0DC-5063F072356F}.Release|x64.Build.0 = Release|x64
		{9D0AB4D9-EA47-4CCD-A0DC-5063F072356F}.Release|x86.ActiveCfg = Release|Win32
		{9D0AB4D9-EA47-4CCD-A0DC-5063F072356F}.Release|x86.Build.0 = Release|Win32
	EndGlobalSection
	GlobalSection(SolutionProperties) = preSolution
		HideSolutionNode = FALSE
	EndGlobalSection
	GlobalSection(ExtensibilityGlobals) = postSolution
		SolutionGuid = {164A90A2-08E8-4FBA-A2F3-95882DD5E87A}
	EndGlobalSection
EndGlobal
