
Microsoft Visual Studio Solution File, Format Version 12.00
# Visual Studio Version 16
VisualStudioVersion = 16.0.30309.148
MinimumVisualStudioVersion = 10.0.40219.1
Project("{FAE04EC0-301F-11D3-BF4B-00C04F79EFBC}") = "ShaderCompiler", "ShaderCodeGenerator\ShaderCompiler.csproj", "{DCA6E51C-E159-4C8D-8AE2-2A63EB68B8D2}"
EndProject
Project("{FAE04EC0-301F-11D3-BF4B-00C04F79EFBC}") = "CoreFramework", "Core\CoreFramework.csproj", "{1115DD7B-BEB3-4D5C-9528-9E852ECC63D5}"
EndProject
Project("{8BC9CEB8-8B4A-11D0-8D11-00A0C91BC942}") = "FBXWrapper", "FBXWrapper\FBXWrapper.vcxproj", "{C7791532-CE38-47A3-B1CE-9E4CFCCE94E2}"
EndProject
Project("{8BC9CEB8-8B4A-11D0-8D11-00A0C91BC942}") = "ImageWrapper", "ImageWrapper\ImageWrapper.vcxproj", "{39E0B5DD-0884-494F-8B6A-F17EF1201F39}"
EndProject
Project("{9A19103F-16F7-4668-BE54-9A1E7A4F7556}") = "Engine", "Engine\Engine.csproj", "{F6088001-6EBE-4681-8EFF-26BC322F6141}"
EndProject
Project("{9A19103F-16F7-4668-BE54-9A1E7A4F7556}") = "CompiledShaderCore", "CompiledShaderCore\CompiledShaderCore.csproj", "{6F0DC0E7-3957-4921-84D0-26EEB648BD59}"
EndProject
Project("{9A19103F-16F7-4668-BE54-9A1E7A4F7556}") = "SharpOpenGLCore", "SharpOpenGLCore\SharpOpenGLCore.csproj", "{A0BAC251-B9B9-4C1B-BA58-47F365336F13}"
EndProject
Project("{8BC9CEB8-8B4A-11D0-8D11-00A0C91BC942}") = "FreeTypeWrapper", "FreeTypeWrapper\FreeTypeWrapper.vcxproj", "{9D0AB4D9-EA47-4CCD-A0DC-5063F072356F}"
EndProject
Global
	GlobalSection(SolutionConfigurationPlatforms) = preSolution
		Debug|Any CPU = Debug|Any CPU
		Debug|x64 = Debug|x64
		Debug|x86 = Debug|x86
		Release|Any CPU = Release|Any CPU
		Release|x64 = Release|x64
		Release|x86 = Release|x86
	EndGlobalSection
	GlobalSection(ProjectConfigurationPlatforms) = postSolution
		{DCA6E51C-E159-4C8D-8AE2-2A63EB68B8D2}.Debug|Any CPU.ActiveCfg = Debug|Any CPU
		{DCA6E51C-E159-4C8D-8AE2-2A63EB68B8D2}.Debug|Any CPU.Build.0 = Debug|Any CPU
		{DCA6E51C-E159-4C8D-8AE2-2A63EB68B8D2}.Debug|x64.ActiveCfg = Debug|Any CPU
		{DCA6E51C-E159-4C8D-8AE2-2A63EB68B8D2}.Debug|x64.Build.0 = Debug|Any CPU
		{DCA6E51C-E159-4C8D-8AE2-2A63EB68B8D2}.Debug|x86.ActiveCfg = Debug|Any CPU
		{DCA6E51C-E159-4C8D-8AE2-2A63EB68B8D2}.Debug|x86.Build.0 = Debug|Any CPU
		{DCA6E51C-E159-4C8D-8AE2-2A63EB68B8D2}.Release|Any CPU.ActiveCfg = Release|Any CPU
		{DCA6E51C-E159-4C8D-8AE2-2A63EB68B8D2}.Release|Any CPU.Build.0 = Release|Any CPU
		{DCA6E51C-E159-4C8D-8AE2-2A63EB68B8D2}.Release|x64.ActiveCfg = Release|Any CPU
		{DCA6E51C-E159-4C8D-8AE2-2A63EB68B8D2}.Release|x64.Build.0 = Release|Any CPU
		{DCA6E51C-E159-4C8D-8AE2-2A63EB68B8D2}.Release|x86.ActiveCfg = Release|Any CPU
		{1115DD7B-BEB3-4D5C-9528-9E852ECC63D5}.Debug|Any CPU.ActiveCfg = Debug|Any CPU
		{1115DD7B-BEB3-4D5C-9528-9E852ECC63D5}.Debug|Any CPU.Build.0 = Debug|Any CPU
		{1115DD7B-BEB3-4D5C-9528-9E852ECC63D5}.Debug|x64.ActiveCfg = Debug|Any CPU
		{1115DD7B-BEB3-4D5C-9528-9E852ECC63D5}.Debug|x64.Build.0 = Debug|Any CPU
		{1115DD7B-BEB3-4D5C-9528-9E852ECC63D5}.Debug|x86.ActiveCfg = Debug|Any CPU
		{1115DD7B-BEB3-4D5C-9528-9E852ECC63D5}.Debug|x86.Build.0 = Debug|Any CPU
		{1115DD7B-BEB3-4D5C-9528-9E852ECC63D5}.Release|Any CPU.ActiveCfg = Release|Any CPU
		{1115DD7B-BEB3-4D5C-9528-9E852ECC63D5}.Release|Any CPU.Build.0 = Release|Any CPU
		{1115DD7B-BEB3-4D5C-9528-9E852ECC63D5}.Release|x64.ActiveCfg = Release|Any CPU
		{1115DD7B-BEB3-4D5C-9528-9E852ECC63D5}.Release|x64.Build.0 = Release|Any CPU
		{1115DD7B-BEB3-4D5C-9528-9E852ECC63D5}.Release|x86.ActiveCfg = Release|Any CPU
		{1115DD7B-BEB3-4D5C-9528-9E852ECC63D5}.Release|x86.Build.0 = Release|Any CPU
		{C7791532-CE38-47A3-B1CE-9E4CFCCE94E2}.Debug|Any CPU.ActiveCfg = Debug|Win32
		{C7791532-CE38-47A3-B1CE-9E4CFCCE94E2}.Debug|Any CPU.Build.0 = Debug|Win32
		{C7791532-CE38-47A3-B1CE-9E4CFCCE94E2}.Debug|x64.ActiveCfg = Debug|x64
		{C7791532-CE38-47A3-B1CE-9E4CFCCE94E2}.Debug|x64.Build.0 = Debug|x64
		{C7791532-CE38-47A3-B1CE-9E4CFCCE94E2}.Debug|x86.ActiveCfg = Debug|Win32
		{C7791532-CE38-47A3-B1CE-9E4CFCCE94E2}.Debug|x86.Build.0 = Debug|Win32
		{C7791532-CE38-47A3-B1CE-9E4CFCCE94E2}.Release|Any CPU.ActiveCfg = Release|Win32
		{C7791532-CE38-47A3-B1CE-9E4CFCCE94E2}.Release|Any CPU.Build.0 = Release|Win32
		{C7791532-CE38-47A3-B1CE-9E4CFCCE94E2}.Release|x64.ActiveCfg = Release|x64
		{C7791532-CE38-47A3-B1CE-9E4CFCCE94E2}.Release|x64.Build.0 = Release|x64
		{C7791532-CE38-47A3-B1CE-9E4CFCCE94E2}.Release|x86.ActiveCfg = Release|Win32
		{C7791532-CE38-47A3-B1CE-9E4CFCCE94E2}.Release|x86.Build.0 = Release|Win32
		{39E0B5DD-0884-494F-8B6A-F17EF1201F39}.Debug|Any CPU.ActiveCfg = Debug|Win32
		{39E0B5DD-0884-494F-8B6A-F17EF1201F39}.Debug|x64.ActiveCfg = Debug|x64
		{39E0B5DD-0884-494F-8B6A-F17EF1201F39}.Debug|x64.Build.0 = Debug|x64
		{39E0B5DD-0884-494F-8B6A-F17EF1201F39}.Debug|x86.ActiveCfg = Debug|Win32
		{39E0B5DD-0884-494F-8B6A-F17EF1201F39}.Debug|x86.Build.0 = Debug|Win32
		{39E0B5DD-0884-494F-8B6A-F17EF1201F39}.Release|Any CPU.ActiveCfg = Release|Win32
		{39E0B5DD-0884-494F-8B6A-F17EF1201F39}.Release|x64.ActiveCfg = Release|x64
		{39E0B5DD-0884-494F-8B6A-F17EF1201F39}.Release|x64.Build.0 = Release|x64
		{39E0B5DD-0884-494F-8B6A-F17EF1201F39}.Release|x86.ActiveCfg = Release|Win32
		{39E0B5DD-0884-494F-8B6A-F17EF1201F39}.Release|x86.Build.0 = Release|Win32
		{F6088001-6EBE-4681-8EFF-26BC322F6141}.Debug|Any CPU.ActiveCfg = Debug|Any CPU
		{F6088001-6EBE-4681-8EFF-26BC322F6141}.Debug|Any CPU.Build.0 = Debug|Any CPU
		{F6088001-6EBE-4681-8EFF-26BC322F6141}.Debug|x64.ActiveCfg = Debug|Any CPU
		{F6088001-6EBE-4681-8EFF-26BC322F6141}.Debug|x64.Build.0 = Debug|Any CPU
		{F6088001-6EBE-4681-8EFF-26BC322F6141}.Debug|x86.ActiveCfg = Debug|Any CPU
		{F6088001-6EBE-4681-8EFF-26BC322F6141}.Debug|x86.Build.0 = Debug|Any CPU
		{F6088001-6EBE-4681-8EFF-26BC322F6141}.Release|Any CPU.ActiveCfg = Release|Any CPU
		{F6088001-6EBE-4681-8EFF-26BC322F6141}.Release|Any CPU.Build.0 = Release|Any CPU
		{F6088001-6EBE-4681-8EFF-26BC322F6141}.Release|x64.ActiveCfg = Release|Any CPU
		{F6088001-6EBE-4681-8EFF-26BC322F6141}.Release|x64.Build.0 = Release|Any CPU
		{F6088001-6EBE-4681-8EFF-26BC322F6141}.Release|x86.ActiveCfg = Release|Any CPU
		{F6088001-6EBE-4681-8EFF-26BC322F6141}.Release|x86.Build.0 = Release|Any CPU
		{6F0DC0E7-3957-4921-84D0-26EEB648BD59}.Debug|Any CPU.ActiveCfg = Debug|Any CPU
		{6F0DC0E7-3957-4921-84D0-26EEB648BD59}.Debug|Any CPU.Build.0 = Debug|Any CPU
		{6F0DC0E7-3957-4921-84D0-26EEB648BD59}.Debug|x64.ActiveCfg = Debug|Any CPU
		{6F0DC0E7-3957-4921-84D0-26EEB648BD59}.Debug|x64.Build.0 = Debug|Any CPU
		{6F0DC0E7-3957-4921-84D0-26EEB648BD59}.Debug|x86.ActiveCfg = Debug|Any CPU
		{6F0DC0E7-3957-4921-84D0-26EEB648BD59}.Debug|x86.Build.0 = Debug|Any CPU
		{6F0DC0E7-3957-4921-84D0-26EEB648BD59}.Release|Any CPU.ActiveCfg = Release|Any CPU
		{6F0DC0E7-3957-4921-84D0-26EEB648BD59}.Release|Any CPU.Build.0 = Release|Any CPU
		{6F0DC0E7-3957-4921-84D0-26EEB648BD59}.Release|x64.ActiveCfg = Release|Any CPU
		{6F0DC0E7-3957-4921-84D0-26EEB648BD59}.Release|x64.Build.0 = Release|Any CPU
		{6F0DC0E7-3957-4921-84D0-26EEB648BD59}.Release|x86.ActiveCfg = Release|Any CPU
		{6F0DC0E7-3957-4921-84D0-26EEB648BD59}.Release|x86.Build.0 = Release|Any CPU
		{A0BAC251-B9B9-4C1B-BA58-47F365336F13}.Debug|Any CPU.ActiveCfg = Debug|Any CPU
		{A0BAC251-B9B9-4C1B-BA58-47F365336F13}.Debug|Any CPU.Build.0 = Debug|Any CPU
		{A0BAC251-B9B9-4C1B-BA58-47F365336F13}.Debug|x64.ActiveCfg = Debug|Any CPU
		{A0BAC251-B9B9-4C1B-BA58-47F365336F13}.Debug|x64.Build.0 = Debug|Any CPU
		{A0BAC251-B9B9-4C1B-BA58-47F365336F13}.Debug|x86.ActiveCfg = Debug|Any CPU
		{A0BAC251-B9B9-4C1B-BA58-47F365336F13}.Debug|x86.Build.0 = Debug|Any CPU
		{A0BAC251-B9B9-4C1B-BA58-47F365336F13}.Release|Any CPU.ActiveCfg = Release|Any CPU
		{A0BAC251-B9B9-4C1B-BA58-47F365336F13}.Release|Any CPU.Build.0 = Release|Any CPU
		{A0BAC251-B9B9-4C1B-BA58-47F365336F13}.Release|x64.ActiveCfg = Release|Any CPU
		{A0BAC251-B9B9-4C1B-BA58-47F365336F13}.Release|x64.Build.0 = Release|Any CPU
		{A0BAC251-B9B9-4C1B-BA58-47F365336F13}.Release|x86.ActiveCfg = Release|Any CPU
		{A0BAC251-B9B9-4C1B-BA58-47F365336F13}.Release|x86.Build.0 = Release|Any CPU
		{9D0AB4D9-EA47-4CCD-A0DC-5063F072356F}.Debug|Any CPU.ActiveCfg = Debug|Win32
		{9D0AB4D9-EA47-4CCD-A0DC-5063F072356F}.Debug|x64.ActiveCfg = Debug|x64
		{9D0AB4D9-EA47-4CCD-A0DC-5063F072356F}.Debug|x64.Build.0 = Debug|x64
		{9D0AB4D9-EA47-4CCD-A0DC-5063F072356F}.Debug|x86.ActiveCfg = Debug|Win32
		{9D0AB4D9-EA47-4CCD-A0DC-5063F072356F}.Debug|x86.Build.0 = Debug|Win32
		{9D0AB4D9-EA47-4CCD-A0DC-5063F072356F}.Release|Any CPU.ActiveCfg = Release|Win32
		{9D0AB4D9-EA47-4CCD-A0DC-5063F072356F}.Release|x64.ActiveCfg = Release|x64
		{9D0AB4D9-EA47-4CCD-A0DC-5063F072356F}.Release|x64.Build.0 = Release|x64
		{9D0AB4D9-EA47-4CCD-A0DC-5063F072356F}.Release|x86.ActiveCfg = Release|Win32
		{9D0AB4D9-EA47-4CCD-A0DC-5063F072356F}.Release|x86.Build.0 = Release|Win32
	EndGlobalSection
	GlobalSection(SolutionProperties) = preSolution
		HideSolutionNode = FALSE
	EndGlobalSection
	GlobalSection(ExtensibilityGlobals) = postSolution
		SolutionGuid = {164A90A2-08E8-4FBA-A2F3-95882DD5E87A}
	EndGlobalSection
EndGlobal
