
Microsoft Visual Studio Solution File, Format Version 12.00
# Visual Studio Version 16
VisualStudioVersion = 16.0.30309.148
MinimumVisualStudioVersion = 10.0.40219.1
Project("{9A19103F-16F7-4668-BE54-9A1E7A4F7556}") = "Engine", "Engine\Engine.csproj", "{F6088001-6EBE-4681-8EFF-26BC322F6141}"
EndProject
Project("{9A19103F-16F7-4668-BE54-9A1E7A4F7556}") = "CompiledShaderCore", "CompiledShaderCore\CompiledShaderCore.csproj", "{6F0DC0E7-3957-4921-84D0-26EEB648BD59}"
EndProject
Project("{9A19103F-16F7-4668-BE54-9A1E7A4F7556}") = "SharpOpenGLCore", "SharpOpenGLCore\SharpOpenGLCore.csproj", "{A0BAC251-B9B9-4C1B-BA58-47F365336F13}"
EndProject
Project("{8BC9CEB8-8B4A-11D0-8D11-00A0C91BC942}") = "FreeTypeWrapper", "FreeTypeWrapper\FreeTypeWrapper.vcxproj", "{9D0AB4D9-EA47-4CCD-A0DC-5063F072356F}"
EndProject
Project("{9A19103F-16F7-4668-BE54-9A1E7A4F7556}") = "ShaderCompilerCore", "ShaderCompilerCore\ShaderCompilerCore.csproj", "{0A02530D-D32E-4D41-BB75-C03CA4AAED76}"
EndProject
Project("{8BC9CEB8-8B4A-11D0-8D11-00A0C91BC942}") = "DirectXTexWrapper", "DirectXTexWrapper\DirectXTexWrapper.vcxproj", "{828D7A5C-78DC-4EB4-A2E1-CFE0107E5C74}"
EndProject
Project("{8BC9CEB8-8B4A-11D0-8D11-00A0C91BC942}") = "DirectXTex", "DirectXTex\DirectXTex\DirectXTex_Desktop_2019_Win10.vcxproj", "{371B9FA9-4C90-4AC6-A123-ACED756D6C77}"
EndProject
Global
	GlobalSection(SolutionConfigurationPlatforms) = preSolution
		Debug|Any CPU = Debug|Any CPU
		Debug|ARM = Debug|ARM
		Debug|ARM64 = Debug|ARM64
		Debug|x64 = Debug|x64
		Debug|x86 = Debug|x86
		Profile|Any CPU = Profile|Any CPU
		Profile|ARM = Profile|ARM
		Profile|ARM64 = Profile|ARM64
		Profile|x64 = Profile|x64
		Profile|x86 = Profile|x86
		Release|Any CPU = Release|Any CPU
		Release|ARM = Release|ARM
		Release|ARM64 = Release|ARM64
		Release|x64 = Release|x64
		Release|x86 = Release|x86
	EndGlobalSection
	GlobalSection(ProjectConfigurationPlatforms) = postSolution
		{F6088001-6EBE-4681-8EFF-26BC322F6141}.Debug|Any CPU.ActiveCfg = Debug|Any CPU
		{F6088001-6EBE-4681-8EFF-26BC322F6141}.Debug|Any CPU.Build.0 = Debug|Any CPU
		{F6088001-6EBE-4681-8EFF-26BC322F6141}.Debug|ARM.ActiveCfg = Debug|Any CPU
		{F6088001-6EBE-4681-8EFF-26BC322F6141}.Debug|ARM.Build.0 = Debug|Any CPU
		{F6088001-6EBE-4681-8EFF-26BC322F6141}.Debug|ARM64.ActiveCfg = Debug|Any CPU
		{F6088001-6EBE-4681-8EFF-26BC322F6141}.Debug|ARM64.Build.0 = Debug|Any CPU
		{F6088001-6EBE-4681-8EFF-26BC322F6141}.Debug|x64.ActiveCfg = Debug|Any CPU
		{F6088001-6EBE-4681-8EFF-26BC322F6141}.Debug|x64.Build.0 = Debug|Any CPU
		{F6088001-6EBE-4681-8EFF-26BC322F6141}.Debug|x86.ActiveCfg = Debug|Any CPU
		{F6088001-6EBE-4681-8EFF-26BC322F6141}.Debug|x86.Build.0 = Debug|Any CPU
		{F6088001-6EBE-4681-8EFF-26BC322F6141}.Profile|Any CPU.ActiveCfg = Release|Any CPU
		{F6088001-6EBE-4681-8EFF-26BC322F6141}.Profile|Any CPU.Build.0 = Release|Any CPU
		{F6088001-6EBE-4681-8EFF-26BC322F6141}.Profile|ARM.ActiveCfg = Release|Any CPU
		{F6088001-6EBE-4681-8EFF-26BC322F6141}.Profile|ARM.Build.0 = Release|Any CPU
		{F6088001-6EBE-4681-8EFF-26BC322F6141}.Profile|ARM64.ActiveCfg = Release|Any CPU
		{F6088001-6EBE-4681-8EFF-26BC322F6141}.Profile|ARM64.Build.0 = Release|Any CPU
		{F6088001-6EBE-4681-8EFF-26BC322F6141}.Profile|x64.ActiveCfg = Release|Any CPU
		{F6088001-6EBE-4681-8EFF-26BC322F6141}.Profile|x64.Build.0 = Release|Any CPU
		{F6088001-6EBE-4681-8EFF-26BC322F6141}.Profile|x86.ActiveCfg = Release|Any CPU
		{F6088001-6EBE-4681-8EFF-26BC322F6141}.Profile|x86.Build.0 = Release|Any CPU
		{F6088001-6EBE-4681-8EFF-26BC322F6141}.Release|Any CPU.ActiveCfg = Release|Any CPU
		{F6088001-6EBE-4681-8EFF-26BC322F6141}.Release|Any CPU.Build.0 = Release|Any CPU
		{F6088001-6EBE-4681-8EFF-26BC322F6141}.Release|ARM.ActiveCfg = Release|Any CPU
		{F6088001-6EBE-4681-8EFF-26BC322F6141}.Release|ARM.Build.0 = Release|Any CPU
		{F6088001-6EBE-4681-8EFF-26BC322F6141}.Release|ARM64.ActiveCfg = Release|Any CPU
		{F6088001-6EBE-4681-8EFF-26BC322F6141}.Release|ARM64.Build.0 = Release|Any CPU
		{F6088001-6EBE-4681-8EFF-26BC322F6141}.Release|x64.ActiveCfg = Release|Any CPU
		{F6088001-6EBE-4681-8EFF-26BC322F6141}.Release|x64.Build.0 = Release|Any CPU
		{F6088001-6EBE-4681-8EFF-26BC322F6141}.Release|x86.ActiveCfg = Release|Any CPU
		{F6088001-6EBE-4681-8EFF-26BC322F6141}.Release|x86.Build.0 = Release|Any CPU
		{6F0DC0E7-3957-4921-84D0-26EEB648BD59}.Debug|Any CPU.ActiveCfg = Debug|Any CPU
		{6F0DC0E7-3957-4921-84D0-26EEB648BD59}.Debug|Any CPU.Build.0 = Debug|Any CPU
		{6F0DC0E7-3957-4921-84D0-26EEB648BD59}.Debug|ARM.ActiveCfg = Debug|Any CPU
		{6F0DC0E7-3957-4921-84D0-26EEB648BD59}.Debug|ARM.Build.0 = Debug|Any CPU
		{6F0DC0E7-3957-4921-84D0-26EEB648BD59}.Debug|ARM64.ActiveCfg = Debug|Any CPU
		{6F0DC0E7-3957-4921-84D0-26EEB648BD59}.Debug|ARM64.Build.0 = Debug|Any CPU
		{6F0DC0E7-3957-4921-84D0-26EEB648BD59}.Debug|x64.ActiveCfg = Debug|Any CPU
		{6F0DC0E7-3957-4921-84D0-26EEB648BD59}.Debug|x64.Build.0 = Debug|Any CPU
		{6F0DC0E7-3957-4921-84D0-26EEB648BD59}.Debug|x86.ActiveCfg = Debug|Any CPU
		{6F0DC0E7-3957-4921-84D0-26EEB648BD59}.Debug|x86.Build.0 = Debug|Any CPU
		{6F0DC0E7-3957-4921-84D0-26EEB648BD59}.Profile|Any CPU.ActiveCfg = Release|Any CPU
		{6F0DC0E7-3957-4921-84D0-26EEB648BD59}.Profile|Any CPU.Build.0 = Release|Any CPU
		{6F0DC0E7-3957-4921-84D0-26EEB648BD59}.Profile|ARM.ActiveCfg = Release|Any CPU
		{6F0DC0E7-3957-4921-84D0-26EEB648BD59}.Profile|ARM.Build.0 = Release|Any CPU
		{6F0DC0E7-3957-4921-84D0-26EEB648BD59}.Profile|ARM64.ActiveCfg = Release|Any CPU
		{6F0DC0E7-3957-4921-84D0-26EEB648BD59}.Profile|ARM64.Build.0 = Release|Any CPU
		{6F0DC0E7-3957-4921-84D0-26EEB648BD59}.Profile|x64.ActiveCfg = Release|Any CPU
		{6F0DC0E7-3957-4921-84D0-26EEB648BD59}.Profile|x64.Build.0 = Release|Any CPU
		{6F0DC0E7-3957-4921-84D0-26EEB648BD59}.Profile|x86.ActiveCfg = Release|Any CPU
		{6F0DC0E7-3957-4921-84D0-26EEB648BD59}.Profile|x86.Build.0 = Release|Any CPU
		{6F0DC0E7-3957-4921-84D0-26EEB648BD59}.Release|Any CPU.ActiveCfg = Release|Any CPU
		{6F0DC0E7-3957-4921-84D0-26EEB648BD59}.Release|Any CPU.Build.0 = Release|Any CPU
		{6F0DC0E7-3957-4921-84D0-26EEB648BD59}.Release|ARM.ActiveCfg = Release|Any CPU
		{6F0DC0E7-3957-4921-84D0-26EEB648BD59}.Release|ARM.Build.0 = Release|Any CPU
		{6F0DC0E7-3957-4921-84D0-26EEB648BD59}.Release|ARM64.ActiveCfg = Release|Any CPU
		{6F0DC0E7-3957-4921-84D0-26EEB648BD59}.Release|ARM64.Build.0 = Release|Any CPU
		{6F0DC0E7-3957-4921-84D0-26EEB648BD59}.Release|x64.ActiveCfg = Release|Any CPU
		{6F0DC0E7-3957-4921-84D0-26EEB648BD59}.Release|x64.Build.0 = Release|Any CPU
		{6F0DC0E7-3957-4921-84D0-26EEB648BD59}.Release|x86.ActiveCfg = Release|Any CPU
		{6F0DC0E7-3957-4921-84D0-26EEB648BD59}.Release|x86.Build.0 = Release|Any CPU
		{A0BAC251-B9B9-4C1B-BA58-47F365336F13}.Debug|Any CPU.ActiveCfg = Debug|Any CPU
		{A0BAC251-B9B9-4C1B-BA58-47F365336F13}.Debug|Any CPU.Build.0 = Debug|Any CPU
		{A0BAC251-B9B9-4C1B-BA58-47F365336F13}.Debug|ARM.ActiveCfg = Debug|Any CPU
		{A0BAC251-B9B9-4C1B-BA58-47F365336F13}.Debug|ARM.Build.0 = Debug|Any CPU
		{A0BAC251-B9B9-4C1B-BA58-47F365336F13}.Debug|ARM64.ActiveCfg = Debug|Any CPU
		{A0BAC251-B9B9-4C1B-BA58-47F365336F13}.Debug|ARM64.Build.0 = Debug|Any CPU
		{A0BAC251-B9B9-4C1B-BA58-47F365336F13}.Debug|x64.ActiveCfg = Debug|Any CPU
		{A0BAC251-B9B9-4C1B-BA58-47F365336F13}.Debug|x64.Build.0 = Debug|Any CPU
		{A0BAC251-B9B9-4C1B-BA58-47F365336F13}.Debug|x86.ActiveCfg = Debug|Any CPU
		{A0BAC251-B9B9-4C1B-BA58-47F365336F13}.Debug|x86.Build.0 = Debug|Any CPU
		{A0BAC251-B9B9-4C1B-BA58-47F365336F13}.Profile|Any CPU.ActiveCfg = Release|Any CPU
		{A0BAC251-B9B9-4C1B-BA58-47F365336F13}.Profile|Any CPU.Build.0 = Release|Any CPU
		{A0BAC251-B9B9-4C1B-BA58-47F365336F13}.Profile|ARM.ActiveCfg = Release|Any CPU
		{A0BAC251-B9B9-4C1B-BA58-47F365336F13}.Profile|ARM.Build.0 = Release|Any CPU
		{A0BAC251-B9B9-4C1B-BA58-47F365336F13}.Profile|ARM64.ActiveCfg = Release|Any CPU
		{A0BAC251-B9B9-4C1B-BA58-47F365336F13}.Profile|ARM64.Build.0 = Release|Any CPU
		{A0BAC251-B9B9-4C1B-BA58-47F365336F13}.Profile|x64.ActiveCfg = Release|Any CPU
		{A0BAC251-B9B9-4C1B-BA58-47F365336F13}.Profile|x64.Build.0 = Release|Any CPU
		{A0BAC251-B9B9-4C1B-BA58-47F365336F13}.Profile|x86.ActiveCfg = Release|Any CPU
		{A0BAC251-B9B9-4C1B-BA58-47F365336F13}.Profile|x86.Build.0 = Release|Any CPU
		{A0BAC251-B9B9-4C1B-BA58-47F365336F13}.Release|Any CPU.ActiveCfg = Release|Any CPU
		{A0BAC251-B9B9-4C1B-BA58-47F365336F13}.Release|Any CPU.Build.0 = Release|Any CPU
		{A0BAC251-B9B9-4C1B-BA58-47F365336F13}.Release|ARM.ActiveCfg = Release|Any CPU
		{A0BAC251-B9B9-4C1B-BA58-47F365336F13}.Release|ARM.Build.0 = Release|Any CPU
		{A0BAC251-B9B9-4C1B-BA58-47F365336F13}.Release|ARM64.ActiveCfg = Release|Any CPU
		{A0BAC251-B9B9-4C1B-BA58-47F365336F13}.Release|ARM64.Build.0 = Release|Any CPU
		{A0BAC251-B9B9-4C1B-BA58-47F365336F13}.Release|x64.ActiveCfg = Release|Any CPU
		{A0BAC251-B9B9-4C1B-BA58-47F365336F13}.Release|x64.Build.0 = Release|Any CPU
		{A0BAC251-B9B9-4C1B-BA58-47F365336F13}.Release|x86.ActiveCfg = Release|Any CPU
		{A0BAC251-B9B9-4C1B-BA58-47F365336F13}.Release|x86.Build.0 = Release|Any CPU
		{9D0AB4D9-EA47-4CCD-A0DC-5063F072356F}.Debug|Any CPU.ActiveCfg = Debug|Win32
		{9D0AB4D9-EA47-4CCD-A0DC-5063F072356F}.Debug|ARM.ActiveCfg = Debug|Win32
		{9D0AB4D9-EA47-4CCD-A0DC-5063F072356F}.Debug|ARM64.ActiveCfg = Debug|Win32
		{9D0AB4D9-EA47-4CCD-A0DC-5063F072356F}.Debug|x64.ActiveCfg = Debug|x64
		{9D0AB4D9-EA47-4CCD-A0DC-5063F072356F}.Debug|x86.ActiveCfg = Debug|Win32
		{9D0AB4D9-EA47-4CCD-A0DC-5063F072356F}.Debug|x86.Build.0 = Debug|Win32
		{9D0AB4D9-EA47-4CCD-A0DC-5063F072356F}.Profile|Any CPU.ActiveCfg = Release|x64
		{9D0AB4D9-EA47-4CCD-A0DC-5063F072356F}.Profile|Any CPU.Build.0 = Release|x64
		{9D0AB4D9-EA47-4CCD-A0DC-5063F072356F}.Profile|ARM.ActiveCfg = Release|x64
		{9D0AB4D9-EA47-4CCD-A0DC-5063F072356F}.Profile|ARM.Build.0 = Release|x64
		{9D0AB4D9-EA47-4CCD-A0DC-5063F072356F}.Profile|ARM64.ActiveCfg = Release|x64
		{9D0AB4D9-EA47-4CCD-A0DC-5063F072356F}.Profile|ARM64.Build.0 = Release|x64
		{9D0AB4D9-EA47-4CCD-A0DC-5063F072356F}.Profile|x64.ActiveCfg = Release|x64
		{9D0AB4D9-EA47-4CCD-A0DC-5063F072356F}.Profile|x64.Build.0 = Release|x64
		{9D0AB4D9-EA47-4CCD-A0DC-5063F072356F}.Profile|x86.ActiveCfg = Release|Win32
		{9D0AB4D9-EA47-4CCD-A0DC-5063F072356F}.Profile|x86.Build.0 = Release|Win32
		{9D0AB4D9-EA47-4CCD-A0DC-5063F072356F}.Release|Any CPU.ActiveCfg = Release|Win32
		{9D0AB4D9-EA47-4CCD-A0DC-5063F072356F}.Release|ARM.ActiveCfg = Release|Win32
		{9D0AB4D9-EA47-4CCD-A0DC-5063F072356F}.Release|ARM64.ActiveCfg = Release|Win32
		{9D0AB4D9-EA47-4CCD-A0DC-5063F072356F}.Release|x64.ActiveCfg = Release|x64
		{9D0AB4D9-EA47-4CCD-A0DC-5063F072356F}.Release|x64.Build.0 = Release|x64
		{9D0AB4D9-EA47-4CCD-A0DC-5063F072356F}.Release|x86.ActiveCfg = Release|Win32
		{9D0AB4D9-EA47-4CCD-A0DC-5063F072356F}.Release|x86.Build.0 = Release|Win32
		{0A02530D-D32E-4D41-BB75-C03CA4AAED76}.Debug|Any CPU.ActiveCfg = Debug|Any CPU
		{0A02530D-D32E-4D41-BB75-C03CA4AAED76}.Debug|Any CPU.Build.0 = Debug|Any CPU
		{0A02530D-D32E-4D41-BB75-C03CA4AAED76}.Debug|ARM.ActiveCfg = Debug|Any CPU
		{0A02530D-D32E-4D41-BB75-C03CA4AAED76}.Debug|ARM.Build.0 = Debug|Any CPU
		{0A02530D-D32E-4D41-BB75-C03CA4AAED76}.Debug|ARM64.ActiveCfg = Debug|Any CPU
		{0A02530D-D32E-4D41-BB75-C03CA4AAED76}.Debug|ARM64.Build.0 = Debug|Any CPU
		{0A02530D-D32E-4D41-BB75-C03CA4AAED76}.Debug|x64.ActiveCfg = Debug|Any CPU
		{0A02530D-D32E-4D41-BB75-C03CA4AAED76}.Debug|x64.Build.0 = Debug|Any CPU
		{0A02530D-D32E-4D41-BB75-C03CA4AAED76}.Debug|x86.ActiveCfg = Debug|Any CPU
		{0A02530D-D32E-4D41-BB75-C03CA4AAED76}.Debug|x86.Build.0 = Debug|Any CPU
		{0A02530D-D32E-4D41-BB75-C03CA4AAED76}.Profile|Any CPU.ActiveCfg = Release|Any CPU
		{0A02530D-D32E-4D41-BB75-C03CA4AAED76}.Profile|Any CPU.Build.0 = Release|Any CPU
		{0A02530D-D32E-4D41-BB75-C03CA4AAED76}.Profile|ARM.ActiveCfg = Release|Any CPU
		{0A02530D-D32E-4D41-BB75-C03CA4AAED76}.Profile|ARM.Build.0 = Release|Any CPU
		{0A02530D-D32E-4D41-BB75-C03CA4AAED76}.Profile|ARM64.ActiveCfg = Release|Any CPU
		{0A02530D-D32E-4D41-BB75-C03CA4AAED76}.Profile|ARM64.Build.0 = Release|Any CPU
		{0A02530D-D32E-4D41-BB75-C03CA4AAED76}.Profile|x64.ActiveCfg = Release|Any CPU
		{0A02530D-D32E-4D41-BB75-C03CA4AAED76}.Profile|x64.Build.0 = Release|Any CPU
		{0A02530D-D32E-4D41-BB75-C03CA4AAED76}.Profile|x86.ActiveCfg = Release|Any CPU
		{0A02530D-D32E-4D41-BB75-C03CA4AAED76}.Profile|x86.Build.0 = Release|Any CPU
		{0A02530D-D32E-4D41-BB75-C03CA4AAED76}.Release|Any CPU.ActiveCfg = Release|Any CPU
		{0A02530D-D32E-4D41-BB75-C03CA4AAED76}.Release|Any CPU.Build.0 = Release|Any CPU
		{0A02530D-D32E-4D41-BB75-C03CA4AAED76}.Release|ARM.ActiveCfg = Release|Any CPU
		{0A02530D-D32E-4D41-BB75-C03CA4AAED76}.Release|ARM.Build.0 = Release|Any CPU
		{0A02530D-D32E-4D41-BB75-C03CA4AAED76}.Release|ARM64.ActiveCfg = Release|Any CPU
		{0A02530D-D32E-4D41-BB75-C03CA4AAED76}.Release|ARM64.Build.0 = Release|Any CPU
		{0A02530D-D32E-4D41-BB75-C03CA4AAED76}.Release|x64.ActiveCfg = Release|Any CPU
		{0A02530D-D32E-4D41-BB75-C03CA4AAED76}.Release|x64.Build.0 = Release|Any CPU
		{0A02530D-D32E-4D41-BB75-C03CA4AAED76}.Release|x86.ActiveCfg = Release|Any CPU
		{0A02530D-D32E-4D41-BB75-C03CA4AAED76}.Release|x86.Build.0 = Release|Any CPU
		{828D7A5C-78DC-4EB4-A2E1-CFE0107E5C74}.Debug|Any CPU.ActiveCfg = Debug|x64
		{828D7A5C-78DC-4EB4-A2E1-CFE0107E5C74}.Debug|Any CPU.Build.0 = Debug|x64
		{828D7A5C-78DC-4EB4-A2E1-CFE0107E5C74}.Debug|ARM.ActiveCfg = Debug|x64
		{828D7A5C-78DC-4EB4-A2E1-CFE0107E5C74}.Debug|ARM64.ActiveCfg = Debug|x64
		{828D7A5C-78DC-4EB4-A2E1-CFE0107E5C74}.Debug|x64.ActiveCfg = Debug|x64
		{828D7A5C-78DC-4EB4-A2E1-CFE0107E5C74}.Debug|x64.Build.0 = Debug|x64
		{828D7A5C-78DC-4EB4-A2E1-CFE0107E5C74}.Debug|x86.ActiveCfg = Debug|x64
		{828D7A5C-78DC-4EB4-A2E1-CFE0107E5C74}.Profile|Any CPU.ActiveCfg = Debug|x64
		{828D7A5C-78DC-4EB4-A2E1-CFE0107E5C74}.Profile|Any CPU.Build.0 = Debug|x64
		{828D7A5C-78DC-4EB4-A2E1-CFE0107E5C74}.Profile|ARM.ActiveCfg = Debug|x64
		{828D7A5C-78DC-4EB4-A2E1-CFE0107E5C74}.Profile|ARM.Build.0 = Debug|x64
		{828D7A5C-78DC-4EB4-A2E1-CFE0107E5C74}.Profile|ARM64.ActiveCfg = Debug|x64
		{828D7A5C-78DC-4EB4-A2E1-CFE0107E5C74}.Profile|ARM64.Build.0 = Debug|x64
		{828D7A5C-78DC-4EB4-A2E1-CFE0107E5C74}.Profile|x64.ActiveCfg = Debug|x64
		{828D7A5C-78DC-4EB4-A2E1-CFE0107E5C74}.Profile|x64.Build.0 = Debug|x64
		{828D7A5C-78DC-4EB4-A2E1-CFE0107E5C74}.Profile|x86.ActiveCfg = Debug|x64
		{828D7A5C-78DC-4EB4-A2E1-CFE0107E5C74}.Profile|x86.Build.0 = Debug|x64
		{828D7A5C-78DC-4EB4-A2E1-CFE0107E5C74}.Release|Any CPU.ActiveCfg = Release|x64
		{828D7A5C-78DC-4EB4-A2E1-CFE0107E5C74}.Release|ARM.ActiveCfg = Release|x64
		{828D7A5C-78DC-4EB4-A2E1-CFE0107E5C74}.Release|ARM64.ActiveCfg = Release|x64
		{828D7A5C-78DC-4EB4-A2E1-CFE0107E5C74}.Release|x64.ActiveCfg = Release|x64
		{828D7A5C-78DC-4EB4-A2E1-CFE0107E5C74}.Release|x64.Build.0 = Release|x64
		{828D7A5C-78DC-4EB4-A2E1-CFE0107E5C74}.Release|x86.ActiveCfg = Release|x64
		{371B9FA9-4C90-4AC6-A123-ACED756D6C77}.Debug|Any CPU.ActiveCfg = Debug|x64
		{371B9FA9-4C90-4AC6-A123-ACED756D6C77}.Debug|Any CPU.Build.0 = Debug|x64
		{371B9FA9-4C90-4AC6-A123-ACED756D6C77}.Debug|ARM.ActiveCfg = Debug|Win32
		{371B9FA9-4C90-4AC6-A123-ACED756D6C77}.Debug|ARM64.ActiveCfg = Debug|ARM64
		{371B9FA9-4C90-4AC6-A123-ACED756D6C77}.Debug|ARM64.Build.0 = Debug|ARM64
		{371B9FA9-4C90-4AC6-A123-ACED756D6C77}.Debug|x64.ActiveCfg = Debug|x64
		{371B9FA9-4C90-4AC6-A123-ACED756D6C77}.Debug|x64.Build.0 = Debug|x64
		{371B9FA9-4C90-4AC6-A123-ACED756D6C77}.Debug|x86.ActiveCfg = Debug|Win32
		{371B9FA9-4C90-4AC6-A123-ACED756D6C77}.Debug|x86.Build.0 = Debug|Win32
		{371B9FA9-4C90-4AC6-A123-ACED756D6C77}.Profile|Any CPU.ActiveCfg = Profile|Win32
		{371B9FA9-4C90-4AC6-A123-ACED756D6C77}.Profile|ARM.ActiveCfg = Profile|Win32
		{371B9FA9-4C90-4AC6-A123-ACED756D6C77}.Profile|ARM64.ActiveCfg = Profile|ARM64
		{371B9FA9-4C90-4AC6-A123-ACED756D6C77}.Profile|ARM64.Build.0 = Profile|ARM64
		{371B9FA9-4C90-4AC6-A123-ACED756D6C77}.Profile|x64.ActiveCfg = Profile|x64
		{371B9FA9-4C90-4AC6-A123-ACED756D6C77}.Profile|x64.Build.0 = Profile|x64
		{371B9FA9-4C90-4AC6-A123-ACED756D6C77}.Profile|x86.ActiveCfg = Profile|Win32
		{371B9FA9-4C90-4AC6-A123-ACED756D6C77}.Profile|x86.Build.0 = Profile|Win32
		{371B9FA9-4C90-4AC6-A123-ACED756D6C77}.Release|Any CPU.ActiveCfg = Release|Win32
		{371B9FA9-4C90-4AC6-A123-ACED756D6C77}.Release|ARM.ActiveCfg = Release|Win32
		{371B9FA9-4C90-4AC6-A123-ACED756D6C77}.Release|ARM64.ActiveCfg = Release|ARM64
		{371B9FA9-4C90-4AC6-A123-ACED756D6C77}.Release|ARM64.Build.0 = Release|ARM64
		{371B9FA9-4C90-4AC6-A123-ACED756D6C77}.Release|x64.ActiveCfg = Release|x64
		{371B9FA9-4C90-4AC6-A123-ACED756D6C77}.Release|x64.Build.0 = Release|x64
		{371B9FA9-4C90-4AC6-A123-ACED756D6C77}.Release|x86.ActiveCfg = Release|Win32
		{371B9FA9-4C90-4AC6-A123-ACED756D6C77}.Release|x86.Build.0 = Release|Win32
	EndGlobalSection
	GlobalSection(SolutionProperties) = preSolution
		HideSolutionNode = FALSE
	EndGlobalSection
	GlobalSection(ExtensibilityGlobals) = postSolution
		SolutionGuid = {164A90A2-08E8-4FBA-A2F3-95882DD5E87A}
	EndGlobalSection
EndGlobal
