<?xml version="1.0" encoding="utf-8"?>
<Project ToolsVersion="16.0" xmlns="http://schemas.microsoft.com/developer/msbuild/2003">
  <ItemGroup>
    <ClCompile Include="C:\GitHub\SharpOpenGL\freetype-gl\distance-field.c">
      <Filter>Source Files</Filter>
    </ClCompile>
    <ClCompile Include="C:\GitHub\SharpOpenGL\freetype-gl\edtaa3func.c">
      <Filter>Source Files</Filter>
    </ClCompile>
    <ClCompile Include="C:\GitHub\SharpOpenGL\freetype-gl\font-manager.c">
      <Filter>Source Files</Filter>
    </ClCompile>
    <ClCompile Include="C:\GitHub\SharpOpenGL\freetype-gl\platform.c">
      <Filter>Source Files</Filter>
    </ClCompile>
    <ClCompile Include="C:\GitHub\SharpOpenGL\freetype-gl\text-buffer.c">
      <Filter>Source Files</Filter>
    </ClCompile>
    <ClCompile Include="C:\GitHub\SharpOpenGL\freetype-gl\texture-atlas.c">
      <Filter>Source Files</Filter>
    </ClCompile>
    <ClCompile Include="C:\GitHub\SharpOpenGL\freetype-gl\texture-font.c">
      <Filter>Source Files</Filter>
    </ClCompile>
    <ClCompile Include="C:\GitHub\SharpOpenGL\freetype-gl\utf8-utils.c">
      <Filter>Source Files</Filter>
    </ClCompile>
    <ClCompile Include="C:\GitHub\SharpOpenGL\freetype-gl\vector.c">
      <Filter>Source Files</Filter>
    </ClCompile>
    <ClCompile Include="C:\GitHub\SharpOpenGL\freetype-gl\vertex-attribute.c">
      <Filter>Source Files</Filter>
    </ClCompile>
    <ClCompile Include="C:\GitHub\SharpOpenGL\freetype-gl\vertex-buffer.c">
      <Filter>Source Files</Filter>
    </ClCompile>
  </ItemGroup>
  <ItemGroup>
    <ClInclude Include="C:\GitHub\SharpOpenGL\freetype-gl\distance-field.h">
      <Filter>Header Files</Filter>
    </ClInclude>
    <ClInclude Include="C:\GitHub\SharpOpenGL\freetype-gl\edtaa3func.h">
      <Filter>Header Files</Filter>
    </ClInclude>
    <ClInclude Include="C:\GitHub\SharpOpenGL\freetype-gl\font-manager.h">
      <Filter>Header Files</Filter>
    </ClInclude>
    <ClInclude Include="C:\GitHub\SharpOpenGL\freetype-gl\freetype-gl.h">
      <Filter>Header Files</Filter>
    </ClInclude>
    <ClInclude Include="C:\GitHub\SharpOpenGL\freetype-gl\markup.h">
      <Filter>Header Files</Filter>
    </ClInclude>
    <ClInclude Include="C:\GitHub\SharpOpenGL\freetype-gl\opengl.h">
      <Filter>Header Files</Filter>
    </ClInclude>
    <ClInclude Include="C:\GitHub\SharpOpenGL\freetype-gl\platform.h">
      <Filter>Header Files</Filter>
    </ClInclude>
    <ClInclude Include="C:\GitHub\SharpOpenGL\freetype-gl\text-buffer.h">
      <Filter>Header Files</Filter>
    </ClInclude>
    <ClInclude Include="C:\GitHub\SharpOpenGL\freetype-gl\texture-atlas.h">
      <Filter>Header Files</Filter>
    </ClInclude>
    <ClInclude Include="C:\GitHub\SharpOpenGL\freetype-gl\texture-font.h">
      <Filter>Header Files</Filter>
    </ClInclude>
    <ClInclude Include="C:\GitHub\SharpOpenGL\freetype-gl\utf8-utils.h">
      <Filter>Header Files</Filter>
    </ClInclude>
    <ClInclude Include="C:\GitHub\SharpOpenGL\freetype-gl\vec234.h">
      <Filter>Header Files</Filter>
    </ClInclude>
    <ClInclude Include="C:\GitHub\SharpOpenGL\freetype-gl\vector.h">
      <Filter>Header Files</Filter>
    </ClInclude>
    <ClInclude Include="C:\GitHub\SharpOpenGL\freetype-gl\vertex-attribute.h">
      <Filter>Header Files</Filter>
    </ClInclude>
    <ClInclude Include="C:\GitHub\SharpOpenGL\freetype-gl\vertex-buffer.h">
      <Filter>Header Files</Filter>
    </ClInclude>
  </ItemGroup>
  <ItemGroup>
    <CustomBuild Include="C:\GitHub\SharpOpenGL\freetype-gl\CMakeLists.txt" />
  </ItemGroup>
  <ItemGroup>
    <Filter Include="Header Files">
      <UniqueIdentifier>{C72CEAC1-D368-33D5-B26D-A3B92B1E97D5}</UniqueIdentifier>
    </Filter>
    <Filter Include="Source Files">
      <UniqueIdentifier>{D328A8D2-F0E5-3718-83A1-14150BC42B07}</UniqueIdentifier>
    </Filter>
  </ItemGroup>
</Project>
