<?xml version="1.0" encoding="utf-8"?>
<Project ToolsVersion="16.0" xmlns="http://schemas.microsoft.com/developer/msbuild/2003">
  <ItemGroup>
    <ClCompile Include="C:\MyGitHub\SharpOpenGL\freetype-gl\makefont.c">
      <Filter>Source Files</Filter>
    </ClCompile>
  </ItemGroup>
  <ItemGroup>
    <CustomBuild Include="C:\MyGitHub\SharpOpenGL\freetype-gl\CMakeLists.txt" />
  </ItemGroup>
  <ItemGroup>
    <Filter Include="Source Files">
      <UniqueIdentifier>{A7FADEE5-30D6-3B12-BA1A-89C791E1B904}</UniqueIdentifier>
    </Filter>
  </ItemGroup>
</Project>
